Microsoft Visual Studio Solution File, Format Version 12.00
# Visual Studio Version 17
VisualStudioVersion = 17.5.2.0
MinimumVisualStudioVersion = 10.0.40219.1
Project("{FAE04EC0-301F-11D3-BF4B-00C04F79EFBC}") = "PO_Zwierzeta", "PO_Zwierzeta.csproj", "{64EBA40F-4600-01A2-9392-86AE328FEE81}"
EndProject
Global
	GlobalSection(SolutionConfigurationPlatforms) = preSolution
		Debug|Any CPU = Debug|Any CPU
		Release|Any CPU = Release|Any CPU
	EndGlobalSection
	GlobalSection(ProjectConfigurationPlatforms) = postSolution
		{64EBA40F-4600-01A2-9392-86AE328FEE81}.Debug|Any CPU.ActiveCfg = Debug|Any CPU
		{64EBA40F-4600-01A2-9392-86AE328FEE81}.Debug|Any CPU.Build.0 = Debug|Any CPU
		{64EBA40F-4600-01A2-9392-86AE328FEE81}.Release|Any CPU.ActiveCfg = Release|Any CPU
		{64EBA40F-4600-01A2-9392-86AE328FEE81}.Release|Any CPU.Build.0 = Release|Any CPU
	EndGlobalSection
	GlobalSection(SolutionProperties) = preSolution
		HideSolutionNode = FALSE
	EndGlobalSection
	GlobalSection(ExtensibilityGlobals) = postSolution
		SolutionGuid = {787FB92B-E101-4067-A8B7-83C1AAE05764}
	EndGlobalSection
EndGlobal
